
Microsoft Visual Studio Solution File, Format Version 11.00
# Visual Studio 2010
Project("{FAE04EC0-301F-11D3-BF4B-00C04F79EFBC}") = "MvcImage", "MvcImage\MvcImage.csproj", "{C16FC421-1ADE-4E15-9347-FE3059A66E7A}"
EndProject
Project("{FAE04EC0-301F-11D3-BF4B-00C04F79EFBC}") = "Bradaz.OpenSource", "..\OpenSourceFrameworks\Bradaz\Bradaz.OpenSource.csproj", "{A402AB76-6671-4620-AF18-984942857808}"
EndProject
Global
	GlobalSection(SolutionConfigurationPlatforms) = preSolution
		Debug|Any CPU = Debug|Any CPU
		Release|Any CPU = Release|Any CPU
	EndGlobalSection
	GlobalSection(ProjectConfigurationPlatforms) = postSolution
		{C16FC421-1ADE-4E15-9347-FE3059A66E7A}.Debug|Any CPU.ActiveCfg = Debug|Any CPU
		{C16FC421-1ADE-4E15-9347-FE3059A66E7A}.Debug|Any CPU.Build.0 = Debug|Any CPU
		{C16FC421-1ADE-4E15-9347-FE3059A66E7A}.Release|Any CPU.ActiveCfg = Release|Any CPU
		{C16FC421-1ADE-4E15-9347-FE3059A66E7A}.Release|Any CPU.Build.0 = Release|Any CPU
		{A402AB76-6671-4620-AF18-984942857808}.Debug|Any CPU.ActiveCfg = Debug|Any CPU
		{A402AB76-6671-4620-AF18-984942857808}.Debug|Any CPU.Build.0 = Debug|Any CPU
		{A402AB76-6671-4620-AF18-984942857808}.Release|Any CPU.ActiveCfg = Release|Any CPU
		{A402AB76-6671-4620-AF18-984942857808}.Release|Any CPU.Build.0 = Release|Any CPU
	EndGlobalSection
	GlobalSection(SolutionProperties) = preSolution
		HideSolutionNode = FALSE
	EndGlobalSection
EndGlobal
